// !$*UTF8*$!
{
	archiveVersion = 1;
	classes = {
	};
	objectVersion = 46;
	objects = {

/* Begin PBXBuildFile section */
		3D67AC931DF1E20F00829B06 /* main.m in Sources */ = {isa = PBXBuildFile; fileRef = 3D67AC921DF1E20F00829B06 /* main.m */; };
		3D67AC961DF1E20F00829B06 /* AppDelegate.m in Sources */ = {isa = PBXBuildFile; fileRef = 3D67AC951DF1E20F00829B06 /* AppDelegate.m */; };
		3D67AC991DF1E20F00829B06 /* ViewController.m in Sources */ = {isa = PBXBuildFile; fileRef = 3D67AC981DF1E20F00829B06 /* ViewController.m */; };
		3D67AC9C1DF1E20F00829B06 /* Main.storyboard in Resources */ = {isa = PBXBuildFile; fileRef = 3D67AC9A1DF1E20F00829B06 /* Main.storyboard */; };
		3D67AC9E1DF1E20F00829B06 /* Assets.xcassets in Resources */ = {isa = PBXBuildFile; fileRef = 3D67AC9D1DF1E20F00829B06 /* Assets.xcassets */; };
		3D67ACA11DF1E20F00829B06 /* LaunchScreen.storyboard in Resources */ = {isa = PBXBuildFile; fileRef = 3D67AC9F1DF1E20F00829B06 /* LaunchScreen.storyboard */; };
		3D67ACAB1DF1E26E00829B06 /* JFormController.m in Sources */ = {isa = PBXBuildFile; fileRef = 3D67ACAA1DF1E26E00829B06 /* JFormController.m */; };
		3D67ACAE1DF1E40B00829B06 /* JFormElement.m in Sources */ = {isa = PBXBuildFile; fileRef = 3D67ACAD1DF1E40B00829B06 /* JFormElement.m */; };
		3D67ACB81DF1F30800829B06 /* JFormElementTextViewCell.m in Sources */ = {isa = PBXBuildFile; fileRef = 3D67ACB61DF1F30800829B06 /* JFormElementTextViewCell.m */; };
		3D67ACB91DF1F30800829B06 /* JFormElementTextViewCell.xib in Resources */ = {isa = PBXBuildFile; fileRef = 3D67ACB71DF1F30800829B06 /* JFormElementTextViewCell.xib */; };
		3D67ACBC1DF1F37100829B06 /* JTableViewCell.m in Sources */ = {isa = PBXBuildFile; fileRef = 3D67ACBB1DF1F37100829B06 /* JTableViewCell.m */; };
		3D67ACBF1DF1F38D00829B06 /* uTikoGraphic.m in Sources */ = {isa = PBXBuildFile; fileRef = 3D67ACBE1DF1F38D00829B06 /* uTikoGraphic.m */; };
		3DC82A551DF57F3800849252 /* JBorderedView.m in Sources */ = {isa = PBXBuildFile; fileRef = 3DC82A541DF57F3800849252 /* JBorderedView.m */; };
		3DC82A591DF5C08000849252 /* JFormElementPickerCell.m in Sources */ = {isa = PBXBuildFile; fileRef = 3DC82A571DF5C08000849252 /* JFormElementPickerCell.m */; };
		3DC82A5A1DF5C08000849252 /* JFormElementPickerCell.xib in Resources */ = {isa = PBXBuildFile; fileRef = 3DC82A581DF5C08000849252 /* JFormElementPickerCell.xib */; };
		3DC82A5D1DF5CEE600849252 /* JFormElementCell.m in Sources */ = {isa = PBXBuildFile; fileRef = 3DC82A5C1DF5CEE600849252 /* JFormElementCell.m */; };
		3DC82A641DF5CFDA00849252 /* JFormElementSwitchCell.m in Sources */ = {isa = PBXBuildFile; fileRef = 3DC82A621DF5CFDA00849252 /* JFormElementSwitchCell.m */; };
		3DC82A651DF5CFDA00849252 /* JFormElementSwitchCell.xib in Resources */ = {isa = PBXBuildFile; fileRef = 3DC82A631DF5CFDA00849252 /* JFormElementSwitchCell.xib */; };
		3DC82A691DF5CFEE00849252 /* JFormElementTextFieldCell.m in Sources */ = {isa = PBXBuildFile; fileRef = 3DC82A671DF5CFEE00849252 /* JFormElementTextFieldCell.m */; };
		3DC82A6A1DF5CFEE00849252 /* JFormElementTextFieldCell.xib in Resources */ = {isa = PBXBuildFile; fileRef = 3DC82A681DF5CFEE00849252 /* JFormElementTextFieldCell.xib */; };
		3DC82A6E1DF5D34900849252 /* JFormElementSplitterCell.m in Sources */ = {isa = PBXBuildFile; fileRef = 3DC82A6C1DF5D34900849252 /* JFormElementSplitterCell.m */; };
		3DC82A6F1DF5D34900849252 /* JFormElementSplitterCell.xib in Resources */ = {isa = PBXBuildFile; fileRef = 3DC82A6D1DF5D34900849252 /* JFormElementSplitterCell.xib */; };
		3DC82A721DF69F0B00849252 /* JFormElementPickerViewCell.m in Sources */ = {isa = PBXBuildFile; fileRef = 3DC82A711DF69F0B00849252 /* JFormElementPickerViewCell.m */; };
		3DC82A741DF69F2900849252 /* JFormElementPickerViewCell.xib in Resources */ = {isa = PBXBuildFile; fileRef = 3DC82A731DF69F2900849252 /* JFormElementPickerViewCell.xib */; };
		3DC82A771DF6A02900849252 /* JFormElementDatePickerViewCell.m in Sources */ = {isa = PBXBuildFile; fileRef = 3DC82A761DF6A02900849252 /* JFormElementDatePickerViewCell.m */; };
		3DC82A791DF6A04300849252 /* JFormElementDatePickerViewCell.xib in Resources */ = {isa = PBXBuildFile; fileRef = 3DC82A781DF6A04300849252 /* JFormElementDatePickerViewCell.xib */; };
		3DE538EE1DF6BC57007AC0A0 /* JValueWithLabel.m in Sources */ = {isa = PBXBuildFile; fileRef = 3DE538ED1DF6BC57007AC0A0 /* JValueWithLabel.m */; };
		3DE538F11DF6BD17007AC0A0 /* NSDictionary+Values.m in Sources */ = {isa = PBXBuildFile; fileRef = 3DE538F01DF6BD17007AC0A0 /* NSDictionary+Values.m */; };
		3DE538F41DF6BD32007AC0A0 /* NSDate+formatDate.m in Sources */ = {isa = PBXBuildFile; fileRef = 3DE538F31DF6BD32007AC0A0 /* NSDate+formatDate.m */; };
		3DE538F71DF6F71A007AC0A0 /* JChallengeGameRules.m in Sources */ = {isa = PBXBuildFile; fileRef = 3DE538F61DF6F71A007AC0A0 /* JChallengeGameRules.m */; };
		3DE538FA1DF6FDC5007AC0A0 /* MainViewController.m in Sources */ = {isa = PBXBuildFile; fileRef = 3DE538F91DF6FDC5007AC0A0 /* MainViewController.m */; };
/* End PBXBuildFile section */

/* Begin PBXFileReference section */
		3D67AC8E1DF1E20F00829B06 /* UniversalForms.app */ = {isa = PBXFileReference; explicitFileType = wrapper.application; includeInIndex = 0; path = UniversalForms.app; sourceTree = BUILT_PRODUCTS_DIR; };
		3D67AC921DF1E20F00829B06 /* main.m */ = {isa = PBXFileReference; lastKnownFileType = sourcecode.c.objc; path = main.m; sourceTree = "<group>"; };
		3D67AC941DF1E20F00829B06 /* AppDelegate.h */ = {isa = PBXFileReference; lastKnownFileType = sourcecode.c.h; path = AppDelegate.h; sourceTree = "<group>"; };
		3D67AC951DF1E20F00829B06 /* AppDelegate.m */ = {isa = PBXFileReference; lastKnownFileType = sourcecode.c.objc; path = AppDelegate.m; sourceTree = "<group>"; };
		3D67AC971DF1E20F00829B06 /* ViewController.h */ = {isa = PBXFileReference; lastKnownFileType = sourcecode.c.h; path = ViewController.h; sourceTree = "<group>"; };
		3D67AC981DF1E20F00829B06 /* ViewController.m */ = {isa = PBXFileReference; lastKnownFileType = sourcecode.c.objc; path = ViewController.m; sourceTree = "<group>"; };
		3D67AC9B1DF1E20F00829B06 /* Base */ = {isa = PBXFileReference; lastKnownFileType = file.storyboard; name = Base; path = Base.lproj/Main.storyboard; sourceTree = "<group>"; };
		3D67AC9D1DF1E20F00829B06 /* Assets.xcassets */ = {isa = PBXFileReference; lastKnownFileType = folder.assetcatalog; path = Assets.xcassets; sourceTree = "<group>"; };
		3D67ACA01DF1E20F00829B06 /* Base */ = {isa = PBXFileReference; lastKnownFileType = file.storyboard; name = Base; path = Base.lproj/LaunchScreen.storyboard; sourceTree = "<group>"; };
		3D67ACA21DF1E20F00829B06 /* Info.plist */ = {isa = PBXFileReference; lastKnownFileType = text.plist.xml; path = Info.plist; sourceTree = "<group>"; };
		3D67ACA91DF1E26E00829B06 /* JFormController.h */ = {isa = PBXFileReference; fileEncoding = 4; lastKnownFileType = sourcecode.c.h; path = JFormController.h; sourceTree = "<group>"; };
		3D67ACAA1DF1E26E00829B06 /* JFormController.m */ = {isa = PBXFileReference; fileEncoding = 4; lastKnownFileType = sourcecode.c.objc; path = JFormController.m; sourceTree = "<group>"; };
		3D67ACAC1DF1E40B00829B06 /* JFormElement.h */ = {isa = PBXFileReference; fileEncoding = 4; lastKnownFileType = sourcecode.c.h; path = JFormElement.h; sourceTree = "<group>"; };
		3D67ACAD1DF1E40B00829B06 /* JFormElement.m */ = {isa = PBXFileReference; fileEncoding = 4; lastKnownFileType = sourcecode.c.objc; path = JFormElement.m; sourceTree = "<group>"; };
		3D67ACB51DF1F30800829B06 /* JFormElementTextViewCell.h */ = {isa = PBXFileReference; fileEncoding = 4; lastKnownFileType = sourcecode.c.h; path = JFormElementTextViewCell.h; sourceTree = "<group>"; };
		3D67ACB61DF1F30800829B06 /* JFormElementTextViewCell.m */ = {isa = PBXFileReference; fileEncoding = 4; lastKnownFileType = sourcecode.c.objc; path = JFormElementTextViewCell.m; sourceTree = "<group>"; };
		3D67ACB71DF1F30800829B06 /* JFormElementTextViewCell.xib */ = {isa = PBXFileReference; fileEncoding = 4; lastKnownFileType = file.xib; path = JFormElementTextViewCell.xib; sourceTree = "<group>"; };
		3D67ACBA1DF1F37100829B06 /* JTableViewCell.h */ = {isa = PBXFileReference; fileEncoding = 4; lastKnownFileType = sourcecode.c.h; path = JTableViewCell.h; sourceTree = "<group>"; };
		3D67ACBB1DF1F37100829B06 /* JTableViewCell.m */ = {isa = PBXFileReference; fileEncoding = 4; lastKnownFileType = sourcecode.c.objc; path = JTableViewCell.m; sourceTree = "<group>"; };
		3D67ACBD1DF1F38D00829B06 /* uTikoGraphic.h */ = {isa = PBXFileReference; fileEncoding = 4; lastKnownFileType = sourcecode.c.h; path = uTikoGraphic.h; sourceTree = "<group>"; };
		3D67ACBE1DF1F38D00829B06 /* uTikoGraphic.m */ = {isa = PBXFileReference; fileEncoding = 4; lastKnownFileType = sourcecode.c.objc; path = uTikoGraphic.m; sourceTree = "<group>"; };
		3DC82A531DF57F3800849252 /* JBorderedView.h */ = {isa = PBXFileReference; fileEncoding = 4; lastKnownFileType = sourcecode.c.h; path = JBorderedView.h; sourceTree = "<group>"; };
		3DC82A541DF57F3800849252 /* JBorderedView.m */ = {isa = PBXFileReference; fileEncoding = 4; lastKnownFileType = sourcecode.c.objc; path = JBorderedView.m; sourceTree = "<group>"; };
		3DC82A561DF5C08000849252 /* JFormElementPickerCell.h */ = {isa = PBXFileReference; fileEncoding = 4; lastKnownFileType = sourcecode.c.h; path = JFormElementPickerCell.h; sourceTree = "<group>"; };
		3DC82A571DF5C08000849252 /* JFormElementPickerCell.m */ = {isa = PBXFileReference; fileEncoding = 4; lastKnownFileType = sourcecode.c.objc; path = JFormElementPickerCell.m; sourceTree = "<group>"; };
		3DC82A581DF5C08000849252 /* JFormElementPickerCell.xib */ = {isa = PBXFileReference; fileEncoding = 4; lastKnownFileType = file.xib; path = JFormElementPickerCell.xib; sourceTree = "<group>"; };
		3DC82A5B1DF5CEE600849252 /* JFormElementCell.h */ = {isa = PBXFileReference; fileEncoding = 4; lastKnownFileType = sourcecode.c.h; path = JFormElementCell.h; sourceTree = "<group>"; };
		3DC82A5C1DF5CEE600849252 /* JFormElementCell.m */ = {isa = PBXFileReference; fileEncoding = 4; lastKnownFileType = sourcecode.c.objc; path = JFormElementCell.m; sourceTree = "<group>"; };
		3DC82A611DF5CFDA00849252 /* JFormElementSwitchCell.h */ = {isa = PBXFileReference; fileEncoding = 4; lastKnownFileType = sourcecode.c.h; path = JFormElementSwitchCell.h; sourceTree = "<group>"; };
		3DC82A621DF5CFDA00849252 /* JFormElementSwitchCell.m */ = {isa = PBXFileReference; fileEncoding = 4; lastKnownFileType = sourcecode.c.objc; path = JFormElementSwitchCell.m; sourceTree = "<group>"; };
		3DC82A631DF5CFDA00849252 /* JFormElementSwitchCell.xib */ = {isa = PBXFileReference; fileEncoding = 4; lastKnownFileType = file.xib; path = JFormElementSwitchCell.xib; sourceTree = "<group>"; };
		3DC82A661DF5CFEE00849252 /* JFormElementTextFieldCell.h */ = {isa = PBXFileReference; fileEncoding = 4; lastKnownFileType = sourcecode.c.h; path = JFormElementTextFieldCell.h; sourceTree = "<group>"; };
		3DC82A671DF5CFEE00849252 /* JFormElementTextFieldCell.m */ = {isa = PBXFileReference; fileEncoding = 4; lastKnownFileType = sourcecode.c.objc; path = JFormElementTextFieldCell.m; sourceTree = "<group>"; };
		3DC82A681DF5CFEE00849252 /* JFormElementTextFieldCell.xib */ = {isa = PBXFileReference; fileEncoding = 4; lastKnownFileType = file.xib; path = JFormElementTextFieldCell.xib; sourceTree = "<group>"; };
		3DC82A6B1DF5D34900849252 /* JFormElementSplitterCell.h */ = {isa = PBXFileReference; fileEncoding = 4; lastKnownFileType = sourcecode.c.h; path = JFormElementSplitterCell.h; sourceTree = "<group>"; };
		3DC82A6C1DF5D34900849252 /* JFormElementSplitterCell.m */ = {isa = PBXFileReference; fileEncoding = 4; lastKnownFileType = sourcecode.c.objc; path = JFormElementSplitterCell.m; sourceTree = "<group>"; };
		3DC82A6D1DF5D34900849252 /* JFormElementSplitterCell.xib */ = {isa = PBXFileReference; fileEncoding = 4; lastKnownFileType = file.xib; path = JFormElementSplitterCell.xib; sourceTree = "<group>"; };
		3DC82A701DF69F0B00849252 /* JFormElementPickerViewCell.h */ = {isa = PBXFileReference; fileEncoding = 4; lastKnownFileType = sourcecode.c.h; path = JFormElementPickerViewCell.h; sourceTree = "<group>"; };
		3DC82A711DF69F0B00849252 /* JFormElementPickerViewCell.m */ = {isa = PBXFileReference; fileEncoding = 4; lastKnownFileType = sourcecode.c.objc; path = JFormElementPickerViewCell.m; sourceTree = "<group>"; };
		3DC82A731DF69F2900849252 /* JFormElementPickerViewCell.xib */ = {isa = PBXFileReference; fileEncoding = 4; lastKnownFileType = file.xib; path = JFormElementPickerViewCell.xib; sourceTree = "<group>"; };
		3DC82A751DF6A02900849252 /* JFormElementDatePickerViewCell.h */ = {isa = PBXFileReference; fileEncoding = 4; lastKnownFileType = sourcecode.c.h; path = JFormElementDatePickerViewCell.h; sourceTree = "<group>"; };
		3DC82A761DF6A02900849252 /* JFormElementDatePickerViewCell.m */ = {isa = PBXFileReference; fileEncoding = 4; lastKnownFileType = sourcecode.c.objc; path = JFormElementDatePickerViewCell.m; sourceTree = "<group>"; };
		3DC82A781DF6A04300849252 /* JFormElementDatePickerViewCell.xib */ = {isa = PBXFileReference; fileEncoding = 4; lastKnownFileType = file.xib; path = JFormElementDatePickerViewCell.xib; sourceTree = "<group>"; };
		3DE538EC1DF6BC57007AC0A0 /* JValueWithLabel.h */ = {isa = PBXFileReference; fileEncoding = 4; lastKnownFileType = sourcecode.c.h; path = JValueWithLabel.h; sourceTree = "<group>"; };
		3DE538ED1DF6BC57007AC0A0 /* JValueWithLabel.m */ = {isa = PBXFileReference; fileEncoding = 4; lastKnownFileType = sourcecode.c.objc; path = JValueWithLabel.m; sourceTree = "<group>"; };
		3DE538EF1DF6BD17007AC0A0 /* NSDictionary+Values.h */ = {isa = PBXFileReference; fileEncoding = 4; lastKnownFileType = sourcecode.c.h; path = "NSDictionary+Values.h"; sourceTree = "<group>"; };
		3DE538F01DF6BD17007AC0A0 /* NSDictionary+Values.m */ = {isa = PBXFileReference; fileEncoding = 4; lastKnownFileType = sourcecode.c.objc; path = "NSDictionary+Values.m"; sourceTree = "<group>"; };
		3DE538F21DF6BD32007AC0A0 /* NSDate+formatDate.h */ = {isa = PBXFileReference; fileEncoding = 4; lastKnownFileType = sourcecode.c.h; path = "NSDate+formatDate.h"; sourceTree = "<group>"; };
		3DE538F31DF6BD32007AC0A0 /* NSDate+formatDate.m */ = {isa = PBXFileReference; fileEncoding = 4; lastKnownFileType = sourcecode.c.objc; path = "NSDate+formatDate.m"; sourceTree = "<group>"; };
		3DE538F51DF6F71A007AC0A0 /* JChallengeGameRules.h */ = {isa = PBXFileReference; fileEncoding = 4; lastKnownFileType = sourcecode.c.h; path = JChallengeGameRules.h; sourceTree = "<group>"; };
		3DE538F61DF6F71A007AC0A0 /* JChallengeGameRules.m */ = {isa = PBXFileReference; fileEncoding = 4; lastKnownFileType = sourcecode.c.objc; path = JChallengeGameRules.m; sourceTree = "<group>"; };
		3DE538F81DF6FDC5007AC0A0 /* MainViewController.h */ = {isa = PBXFileReference; fileEncoding = 4; lastKnownFileType = sourcecode.c.h; path = MainViewController.h; sourceTree = "<group>"; };
		3DE538F91DF6FDC5007AC0A0 /* MainViewController.m */ = {isa = PBXFileReference; fileEncoding = 4; lastKnownFileType = sourcecode.c.objc; path = MainViewController.m; sourceTree = "<group>"; };
/* End PBXFileReference section */

/* Begin PBXFrameworksBuildPhase section */
		3D67AC8B1DF1E20F00829B06 /* Frameworks */ = {
			isa = PBXFrameworksBuildPhase;
			buildActionMask = 2147483647;
			files = (
			);
			runOnlyForDeploymentPostprocessing = 0;
		};
/* End PBXFrameworksBuildPhase section */

/* Begin PBXGroup section */
		3D3D59E61DF75ED300C551F8 /* Environment */ = {
			isa = PBXGroup;
			children = (
				3D67ACBD1DF1F38D00829B06 /* uTikoGraphic.h */,
				3D67ACBE1DF1F38D00829B06 /* uTikoGraphic.m */,
				3DE538F21DF6BD32007AC0A0 /* NSDate+formatDate.h */,
				3DE538F31DF6BD32007AC0A0 /* NSDate+formatDate.m */,
				3DE538EF1DF6BD17007AC0A0 /* NSDictionary+Values.h */,
				3DE538F01DF6BD17007AC0A0 /* NSDictionary+Values.m */,
				3DC82A531DF57F3800849252 /* JBorderedView.h */,
				3DC82A541DF57F3800849252 /* JBorderedView.m */,
				3D67ACBA1DF1F37100829B06 /* JTableViewCell.h */,
				3D67ACBB1DF1F37100829B06 /* JTableViewCell.m */,
				3DE538EC1DF6BC57007AC0A0 /* JValueWithLabel.h */,
				3DE538ED1DF6BC57007AC0A0 /* JValueWithLabel.m */,
			);
			path = Environment;
			sourceTree = "<group>";
		};
		3D67AC851DF1E20F00829B06 = {
			isa = PBXGroup;
			children = (
				3D67AC901DF1E20F00829B06 /* UniversalForms */,
				3D67AC8F1DF1E20F00829B06 /* Products */,
			);
			sourceTree = "<group>";
		};
		3D67AC8F1DF1E20F00829B06 /* Products */ = {
			isa = PBXGroup;
			children = (
				3D67AC8E1DF1E20F00829B06 /* UniversalForms.app */,
			);
			name = Products;
			sourceTree = "<group>";
		};
		3D67AC901DF1E20F00829B06 /* UniversalForms */ = {
			isa = PBXGroup;
			children = (
				3D3D59E61DF75ED300C551F8 /* Environment */,
				3D67ACA81DF1E21B00829B06 /* Forms */,
				3D67AC941DF1E20F00829B06 /* AppDelegate.h */,
				3D67AC951DF1E20F00829B06 /* AppDelegate.m */,
				3DE538F81DF6FDC5007AC0A0 /* MainViewController.h */,
				3DE538F91DF6FDC5007AC0A0 /* MainViewController.m */,
				3D67AC971DF1E20F00829B06 /* ViewController.h */,
				3D67AC981DF1E20F00829B06 /* ViewController.m */,
				3DE538F51DF6F71A007AC0A0 /* JChallengeGameRules.h */,
				3DE538F61DF6F71A007AC0A0 /* JChallengeGameRules.m */,
				3D67AC9A1DF1E20F00829B06 /* Main.storyboard */,
				3D67AC9D1DF1E20F00829B06 /* Assets.xcassets */,
				3D67AC9F1DF1E20F00829B06 /* LaunchScreen.storyboard */,
				3D67ACA21DF1E20F00829B06 /* Info.plist */,
				3D67AC911DF1E20F00829B06 /* Supporting Files */,
			);
			path = UniversalForms;
			sourceTree = "<group>";
		};
		3D67AC911DF1E20F00829B06 /* Supporting Files */ = {
			isa = PBXGroup;
			children = (
				3D67AC921DF1E20F00829B06 /* main.m */,
			);
			name = "Supporting Files";
			sourceTree = "<group>";
		};
		3D67ACA81DF1E21B00829B06 /* Forms */ = {
			isa = PBXGroup;
			children = (
				3D67ACA91DF1E26E00829B06 /* JFormController.h */,
				3D67ACAA1DF1E26E00829B06 /* JFormController.m */,
				3D67ACAC1DF1E40B00829B06 /* JFormElement.h */,
				3D67ACAD1DF1E40B00829B06 /* JFormElement.m */,
				3DC82A5B1DF5CEE600849252 /* JFormElementCell.h */,
				3DC82A5C1DF5CEE600849252 /* JFormElementCell.m */,
				3D67ACB51DF1F30800829B06 /* JFormElementTextViewCell.h */,
				3D67ACB61DF1F30800829B06 /* JFormElementTextViewCell.m */,
				3D67ACB71DF1F30800829B06 /* JFormElementTextViewCell.xib */,
				3DC82A561DF5C08000849252 /* JFormElementPickerCell.h */,
				3DC82A571DF5C08000849252 /* JFormElementPickerCell.m */,
				3DC82A581DF5C08000849252 /* JFormElementPickerCell.xib */,
				3DC82A701DF69F0B00849252 /* JFormElementPickerViewCell.h */,
				3DC82A711DF69F0B00849252 /* JFormElementPickerViewCell.m */,
				3DC82A731DF69F2900849252 /* JFormElementPickerViewCell.xib */,
				3DC82A751DF6A02900849252 /* JFormElementDatePickerViewCell.h */,
				3DC82A761DF6A02900849252 /* JFormElementDatePickerViewCell.m */,
				3DC82A781DF6A04300849252 /* JFormElementDatePickerViewCell.xib */,
				3DC82A611DF5CFDA00849252 /* JFormElementSwitchCell.h */,
				3DC82A621DF5CFDA00849252 /* JFormElementSwitchCell.m */,
				3DC82A631DF5CFDA00849252 /* JFormElementSwitchCell.xib */,
				3DC82A661DF5CFEE00849252 /* JFormElementTextFieldCell.h */,
				3DC82A671DF5CFEE00849252 /* JFormElementTextFieldCell.m */,
				3DC82A681DF5CFEE00849252 /* JFormElementTextFieldCell.xib */,
				3DC82A6B1DF5D34900849252 /* JFormElementSplitterCell.h */,
				3DC82A6C1DF5D34900849252 /* JFormElementSplitterCell.m */,
				3DC82A6D1DF5D34900849252 /* JFormElementSplitterCell.xib */,
			);
			path = Forms;
			sourceTree = "<group>";
		};
/* End PBXGroup section */

/* Begin PBXNativeTarget section */
		3D67AC8D1DF1E20F00829B06 /* UniversalForms */ = {
			isa = PBXNativeTarget;
			buildConfigurationList = 3D67ACA51DF1E20F00829B06 /* Build configuration list for PBXNativeTarget "UniversalForms" */;
			buildPhases = (
				3D67AC8A1DF1E20F00829B06 /* Sources */,
				3D67AC8B1DF1E20F00829B06 /* Frameworks */,
				3D67AC8C1DF1E20F00829B06 /* Resources */,
			);
			buildRules = (
			);
			dependencies = (
			);
			name = UniversalForms;
			productName = UniversalForms;
			productReference = 3D67AC8E1DF1E20F00829B06 /* UniversalForms.app */;
			productType = "com.apple.product-type.application";
		};
/* End PBXNativeTarget section */

/* Begin PBXProject section */
		3D67AC861DF1E20F00829B06 /* Project object */ = {
			isa = PBXProject;
			attributes = {
				LastUpgradeCheck = 0810;
				ORGANIZATIONNAME = "Kostia Kolesnyk";
				TargetAttributes = {
					3D67AC8D1DF1E20F00829B06 = {
						CreatedOnToolsVersion = 8.1;
						DevelopmentTeam = 2N6B529U6S;
						ProvisioningStyle = Automatic;
					};
				};
			};
			buildConfigurationList = 3D67AC891DF1E20F00829B06 /* Build configuration list for PBXProject "UniversalForms" */;
			compatibilityVersion = "Xcode 3.2";
			developmentRegion = English;
			hasScannedForEncodings = 0;
			knownRegions = (
				en,
				Base,
			);
			mainGroup = 3D67AC851DF1E20F00829B06;
			productRefGroup = 3D67AC8F1DF1E20F00829B06 /* Products */;
			projectDirPath = "";
			projectRoot = "";
			targets = (
				3D67AC8D1DF1E20F00829B06 /* UniversalForms */,
			);
		};
/* End PBXProject section */

/* Begin PBXResourcesBuildPhase section */
		3D67AC8C1DF1E20F00829B06 /* Resources */ = {
			isa = PBXResourcesBuildPhase;
			buildActionMask = 2147483647;
			files = (
				3DC82A741DF69F2900849252 /* JFormElementPickerViewCell.xib in Resources */,
				3D67ACA11DF1E20F00829B06 /* LaunchScreen.storyboard in Resources */,
				3D67ACB91DF1F30800829B06 /* JFormElementTextViewCell.xib in Resources */,
				3D67AC9E1DF1E20F00829B06 /* Assets.xcassets in Resources */,
				3DC82A791DF6A04300849252 /* JFormElementDatePickerViewCell.xib in Resources */,
				3DC82A651DF5CFDA00849252 /* JFormElementSwitchCell.xib in Resources */,
				3DC82A6F1DF5D34900849252 /* JFormElementSplitterCell.xib in Resources */,
				3D67AC9C1DF1E20F00829B06 /* Main.storyboard in Resources */,
				3DC82A5A1DF5C08000849252 /* JFormElementPickerCell.xib in Resources */,
				3DC82A6A1DF5CFEE00849252 /* JFormElementTextFieldCell.xib in Resources */,
			);
			runOnlyForDeploymentPostprocessing = 0;
		};
/* End PBXResourcesBuildPhase section */

/* Begin PBXSourcesBuildPhase section */
		3D67AC8A1DF1E20F00829B06 /* Sources */ = {
			isa = PBXSourcesBuildPhase;
			buildActionMask = 2147483647;
			files = (
				3D67ACBC1DF1F37100829B06 /* JTableViewCell.m in Sources */,
				3DE538F41DF6BD32007AC0A0 /* NSDate+formatDate.m in Sources */,
				3DC82A5D1DF5CEE600849252 /* JFormElementCell.m in Sources */,
				3D67ACAE1DF1E40B00829B06 /* JFormElement.m in Sources */,
				3DE538FA1DF6FDC5007AC0A0 /* MainViewController.m in Sources */,
				3D67AC991DF1E20F00829B06 /* ViewController.m in Sources */,
				3DC82A771DF6A02900849252 /* JFormElementDatePickerViewCell.m in Sources */,
				3D67AC961DF1E20F00829B06 /* AppDelegate.m in Sources */,
				3DC82A551DF57F3800849252 /* JBorderedView.m in Sources */,
				3D67ACAB1DF1E26E00829B06 /* JFormController.m in Sources */,
				3DC82A691DF5CFEE00849252 /* JFormElementTextFieldCell.m in Sources */,
				3DE538F71DF6F71A007AC0A0 /* JChallengeGameRules.m in Sources */,
				3DC82A721DF69F0B00849252 /* JFormElementPickerViewCell.m in Sources */,
				3DC82A591DF5C08000849252 /* JFormElementPickerCell.m in Sources */,
				3D67AC931DF1E20F00829B06 /* main.m in Sources */,
				3D67ACB81DF1F30800829B06 /* JFormElementTextViewCell.m in Sources */,
				3DE538EE1DF6BC57007AC0A0 /* JValueWithLabel.m in Sources */,
				3DE538F11DF6BD17007AC0A0 /* NSDictionary+Values.m in Sources */,
				3D67ACBF1DF1F38D00829B06 /* uTikoGraphic.m in Sources */,
				3DC82A6E1DF5D34900849252 /* JFormElementSplitterCell.m in Sources */,
				3DC82A641DF5CFDA00849252 /* JFormElementSwitchCell.m in Sources */,
			);
			runOnlyForDeploymentPostprocessing = 0;
		};
/* End PBXSourcesBuildPhase section */

/* Begin PBXVariantGroup section */
		3D67AC9A1DF1E20F00829B06 /* Main.storyboard */ = {
			isa = PBXVariantGroup;
			children = (
				3D67AC9B1DF1E20F00829B06 /* Base */,
			);
			name = Main.storyboard;
			sourceTree = "<group>";
		};
		3D67AC9F1DF1E20F00829B06 /* LaunchScreen.storyboard */ = {
			isa = PBXVariantGroup;
			children = (
				3D67ACA01DF1E20F00829B06 /* Base */,
			);
			name = LaunchScreen.storyboard;
			sourceTree = "<group>";
		};
/* End PBXVariantGroup section */

/* Begin XCBuildConfiguration section */
		3D67ACA31DF1E20F00829B06 /* Debug */ = {
			isa = XCBuildConfiguration;
			buildSettings = {
				ALWAYS_SEARCH_USER_PATHS = NO;
				CLANG_ANALYZER_NONNULL = YES;
				CLANG_CXX_LANGUAGE_STANDARD = "gnu++0x";
				CLANG_CXX_LIBRARY = "libc++";
				CLANG_ENABLE_MODULES = YES;
				CLANG_ENABLE_OBJC_ARC = YES;
				CLANG_WARN_BOOL_CONVERSION = YES;
				CLANG_WARN_CONSTANT_CONVERSION = YES;
				CLANG_WARN_DIRECT_OBJC_ISA_USAGE = YES_ERROR;
				CLANG_WARN_DOCUMENTATION_COMMENTS = YES;
				CLANG_WARN_EMPTY_BODY = YES;
				CLANG_WARN_ENUM_CONVERSION = YES;
				CLANG_WARN_INFINITE_RECURSION = YES;
				CLANG_WARN_INT_CONVERSION = YES;
				CLANG_WARN_OBJC_ROOT_CLASS = YES_ERROR;
				CLANG_WARN_SUSPICIOUS_MOVES = YES;
				CLANG_WARN_UNREACHABLE_CODE = YES;
				CLANG_WARN__DUPLICATE_METHOD_MATCH = YES;
				"CODE_SIGN_IDENTITY[sdk=iphoneos*]" = "iPhone Developer";
				COPY_PHASE_STRIP = NO;
				DEBUG_INFORMATION_FORMAT = dwarf;
				ENABLE_STRICT_OBJC_MSGSEND = YES;
				ENABLE_TESTABILITY = YES;
				GCC_C_LANGUAGE_STANDARD = gnu99;
				GCC_DYNAMIC_NO_PIC = NO;
				GCC_NO_COMMON_BLOCKS = YES;
				GCC_OPTIMIZATION_LEVEL = 0;
				GCC_PREPROCESSOR_DEFINITIONS = (
					"DEBUG=1",
					"$(inherited)",
				);
				GCC_WARN_64_TO_32_BIT_CONVERSION = YES;
				GCC_WARN_ABOUT_RETURN_TYPE = YES_ERROR;
				GCC_WARN_UNDECLARED_SELECTOR = YES;
				GCC_WARN_UNINITIALIZED_AUTOS = YES_AGGRESSIVE;
				GCC_WARN_UNUSED_FUNCTION = YES;
				GCC_WARN_UNUSED_VARIABLE = YES;
				IPHONEOS_DEPLOYMENT_TARGET = 10.1;
				MTL_ENABLE_DEBUG_INFO = YES;
				ONLY_ACTIVE_ARCH = YES;
				SDKROOT = iphoneos;
				TARGETED_DEVICE_FAMILY = "1,2";
			};
			name = Debug;
		};
		3D67ACA41DF1E20F00829B06 /* Release */ = {
			isa = XCBuildConfiguration;
			buildSettings = {
				ALWAYS_SEARCH_USER_PATHS = NO;
				CLANG_ANALYZER_NONNULL = YES;
				CLANG_CXX_LANGUAGE_STANDARD = "gnu++0x";
				CLANG_CXX_LIBRARY = "libc++";
				CLANG_ENABLE_MODULES = YES;
				CLANG_ENABLE_OBJC_ARC = YES;
				CLANG_WARN_BOOL_CONVERSION = YES;
				CLANG_WARN_CONSTANT_CONVERSION = YES;
				CLANG_WARN_DIRECT_OBJC_ISA_USAGE = YES_ERROR;
				CLANG_WARN_DOCUMENTATION_COMMENTS = YES;
				CLANG_WARN_EMPTY_BODY = YES;
				CLANG_WARN_ENUM_CONVERSION = YES;
				CLANG_WARN_INFINITE_RECURSION = YES;
				CLANG_WARN_INT_CONVERSION = YES;
				CLANG_WARN_OBJC_ROOT_CLASS = YES_ERROR;
				CLANG_WARN_SUSPICIOUS_MOVES = YES;
				CLANG_WARN_UNREACHABLE_CODE = YES;
				CLANG_WARN__DUPLICATE_METHOD_MATCH = YES;
				"CODE_SIGN_IDENTITY[sdk=iphoneos*]" = "iPhone Developer";
				COPY_PHASE_STRIP = NO;
				DEBUG_INFORMATION_FORMAT = "dwarf-with-dsym";
				ENABLE_NS_ASSERTIONS = NO;
				ENABLE_STRICT_OBJC_MSGSEND = YES;
				GCC_C_LANGUAGE_STANDARD = gnu99;
				GCC_NO_COMMON_BLOCKS = YES;
				GCC_WARN_64_TO_32_BIT_CONVERSION = YES;
				GCC_WARN_ABOUT_RETURN_TYPE = YES_ERROR;
				GCC_WARN_UNDECLARED_SELECTOR = YES;
				GCC_WARN_UNINITIALIZED_AUTOS = YES_AGGRESSIVE;
				GCC_WARN_UNUSED_FUNCTION = YES;
				GCC_WARN_UNUSED_VARIABLE = YES;
				IPHONEOS_DEPLOYMENT_TARGET = 10.1;
				MTL_ENABLE_DEBUG_INFO = NO;
				SDKROOT = iphoneos;
				TARGETED_DEVICE_FAMILY = "1,2";
				VALIDATE_PRODUCT = YES;
			};
			name = Release;
		};
		3D67ACA61DF1E20F00829B06 /* Debug */ = {
			isa = XCBuildConfiguration;
			buildSettings = {
				ASSETCATALOG_COMPILER_APPICON_NAME = AppIcon;
				DEVELOPMENT_TEAM = 2N6B529U6S;
				INFOPLIST_FILE = UniversalForms/Info.plist;
				LD_RUNPATH_SEARCH_PATHS = "$(inherited) @executable_path/Frameworks";
				PRODUCT_BUNDLE_IDENTIFIER = net.utiko.UniversalForms;
				PRODUCT_NAME = "$(TARGET_NAME)";
			};
			name = Debug;
		};
		3D67ACA71DF1E20F00829B06 /* Release */ = {
			isa = XCBuildConfiguration;
			buildSettings = {
				ASSETCATALOG_COMPILER_APPICON_NAME = AppIcon;
				DEVELOPMENT_TEAM = 2N6B529U6S;
				INFOPLIST_FILE = UniversalForms/Info.plist;
				LD_RUNPATH_SEARCH_PATHS = "$(inherited) @executable_path/Frameworks";
				PRODUCT_BUNDLE_IDENTIFIER = net.utiko.UniversalForms;
				PRODUCT_NAME = "$(TARGET_NAME)";
			};
			name = Release;
		};
/* End XCBuildConfiguration section */

/* Begin XCConfigurationList section */
		3D67AC891DF1E20F00829B06 /* Build configuration list for PBXProject "UniversalForms" */ = {
			isa = XCConfigurationList;
			buildConfigurations = (
				3D67ACA31DF1E20F00829B06 /* Debug */,
				3D67ACA41DF1E20F00829B06 /* Release */,
			);
			defaultConfigurationIsVisible = 0;
			defaultConfigurationName = Release;
		};
		3D67ACA51DF1E20F00829B06 /* Build configuration list for PBXNativeTarget "UniversalForms" */ = {
			isa = XCConfigurationList;
			buildConfigurations = (
				3D67ACA61DF1E20F00829B06 /* Debug */,
				3D67ACA71DF1E20F00829B06 /* Release */,
			);
			defaultConfigurationIsVisible = 0;
			defaultConfigurationName = Release;
		};
/* End XCConfigurationList section */
	};
	rootObject = 3D67AC861DF1E20F00829B06 /* Project object */;
}
